
Microsoft Visual Studio Solution File, Format Version 12.00
# Visual Studio Version 17
VisualStudioVersion = 17.4.33213.308
MinimumVisualStudioVersion = 10.0.40219.1
Project("{FAE04EC0-301F-11D3-BF4B-00C04F79EFBC}") = "projetoxadrez", "projetoxadrez\projetoxadrez.csproj", "{01B81278-EE89-4619-ADC9-B5733EB3CBEA}"
EndProject
Global
	GlobalSection(SolutionConfigurationPlatforms) = preSolution
		Debug|Any CPU = Debug|Any CPU
		Release|Any CPU = Release|Any CPU
	EndGlobalSection
	GlobalSection(ProjectConfigurationPlatforms) = postSolution
		{01B81278-EE89-4619-ADC9-B5733EB3CBEA}.Debug|Any CPU.ActiveCfg = Debug|Any CPU
		{01B81278-EE89-4619-ADC9-B5733EB3CBEA}.Debug|Any CPU.Build.0 = Debug|Any CPU
		{01B81278-EE89-4619-ADC9-B5733EB3CBEA}.Release|Any CPU.ActiveCfg = Release|Any CPU
		{01B81278-EE89-4619-ADC9-B5733EB3CBEA}.Release|Any CPU.Build.0 = Release|Any CPU
	EndGlobalSection
	GlobalSection(SolutionProperties) = preSolution
		HideSolutionNode = FALSE
	EndGlobalSection
	GlobalSection(ExtensibilityGlobals) = postSolution
		SolutionGuid = {D3602448-51E0-4DCD-9A6A-FC2C333A637D}
	EndGlobalSection
EndGlobal
